// !$*UTF8*$!
{
	archiveVersion = 1;
	classes = {
	};
	objectVersion = 46;
	objects = {

/* Begin PBXBuildFile section */
		ABB4D3151F283CDB00727697 /* うさぎ嬉しい.png in Resources */ = {isa = PBXBuildFile; fileRef = ABB4D3111F283CDB00727697 /* うさぎ嬉しい.png */; };
		ABB4D3161F283CDB00727697 /* うさぎB.png in Resources */ = {isa = PBXBuildFile; fileRef = ABB4D3121F283CDB00727697 /* うさぎB.png */; };
		ABB4D3171F283CDB00727697 /* うさぎ矢印.png in Resources */ = {isa = PBXBuildFile; fileRef = ABB4D3131F283CDB00727697 /* うさぎ矢印.png */; };
		ABB4D3361F28596F00727697 /* Contents.json in Resources */ = {isa = PBXBuildFile; fileRef = ABB4D31B1F28596F00727697 /* Contents.json */; };
		ABB4D3371F28596F00727697 /* Icon-App-20x20@1x.png in Resources */ = {isa = PBXBuildFile; fileRef = ABB4D31C1F28596F00727697 /* Icon-App-20x20@1x.png */; };
		ABB4D3381F28596F00727697 /* Icon-App-20x20@2x.png in Resources */ = {isa = PBXBuildFile; fileRef = ABB4D31D1F28596F00727697 /* Icon-App-20x20@2x.png */; };
		ABB4D3391F28596F00727697 /* Icon-App-20x20@3x.png in Resources */ = {isa = PBXBuildFile; fileRef = ABB4D31E1F28596F00727697 /* Icon-App-20x20@3x.png */; };
		ABB4D33A1F28596F00727697 /* Icon-App-29x29@1x.png in Resources */ = {isa = PBXBuildFile; fileRef = ABB4D31F1F28596F00727697 /* Icon-App-29x29@1x.png */; };
		ABB4D33B1F28596F00727697 /* Icon-App-29x29@2x.png in Resources */ = {isa = PBXBuildFile; fileRef = ABB4D3201F28596F00727697 /* Icon-App-29x29@2x.png */; };
		ABB4D33C1F28596F00727697 /* Icon-App-29x29@3x.png in Resources */ = {isa = PBXBuildFile; fileRef = ABB4D3211F28596F00727697 /* Icon-App-29x29@3x.png */; };
		ABB4D33D1F28596F00727697 /* Icon-App-40x40@1x.png in Resources */ = {isa = PBXBuildFile; fileRef = ABB4D3221F28596F00727697 /* Icon-App-40x40@1x.png */; };
		ABB4D33E1F28596F00727697 /* Icon-App-40x40@2x.png in Resources */ = {isa = PBXBuildFile; fileRef = ABB4D3231F28596F00727697 /* Icon-App-40x40@2x.png */; };
		ABB4D33F1F28596F00727697 /* Icon-App-40x40@3x.png in Resources */ = {isa = PBXBuildFile; fileRef = ABB4D3241F28596F00727697 /* Icon-App-40x40@3x.png */; };
		ABB4D3401F28596F00727697 /* Icon-App-57x57@1x.png in Resources */ = {isa = PBXBuildFile; fileRef = ABB4D3251F28596F00727697 /* Icon-App-57x57@1x.png */; };
		ABB4D3411F28596F00727697 /* Icon-App-57x57@2x.png in Resources */ = {isa = PBXBuildFile; fileRef = ABB4D3261F28596F00727697 /* Icon-App-57x57@2x.png */; };
		ABB4D3421F28596F00727697 /* Icon-App-60x60@1x.png in Resources */ = {isa = PBXBuildFile; fileRef = ABB4D3271F28596F00727697 /* Icon-App-60x60@1x.png */; };
		ABB4D3431F28596F00727697 /* Icon-App-60x60@2x.png in Resources */ = {isa = PBXBuildFile; fileRef = ABB4D3281F28596F00727697 /* Icon-App-60x60@2x.png */; };
		ABB4D3441F28596F00727697 /* Icon-App-60x60@3x.png in Resources */ = {isa = PBXBuildFile; fileRef = ABB4D3291F28596F00727697 /* Icon-App-60x60@3x.png */; };
		ABB4D3451F28596F00727697 /* Icon-App-72x72@1x.png in Resources */ = {isa = PBXBuildFile; fileRef = ABB4D32A1F28596F00727697 /* Icon-App-72x72@1x.png */; };
		ABB4D3461F28596F00727697 /* Icon-App-72x72@2x.png in Resources */ = {isa = PBXBuildFile; fileRef = ABB4D32B1F28596F00727697 /* Icon-App-72x72@2x.png */; };
		ABB4D3471F28596F00727697 /* Icon-App-76x76@1x.png in Resources */ = {isa = PBXBuildFile; fileRef = ABB4D32C1F28596F00727697 /* Icon-App-76x76@1x.png */; };
		ABB4D3481F28596F00727697 /* Icon-App-76x76@2x.png in Resources */ = {isa = PBXBuildFile; fileRef = ABB4D32D1F28596F00727697 /* Icon-App-76x76@2x.png */; };
		ABB4D3491F28596F00727697 /* Icon-App-76x76@3x.png in Resources */ = {isa = PBXBuildFile; fileRef = ABB4D32E1F28596F00727697 /* Icon-App-76x76@3x.png */; };
		ABB4D34A1F28596F00727697 /* Icon-App-83.5x83.5@2x.png in Resources */ = {isa = PBXBuildFile; fileRef = ABB4D32F1F28596F00727697 /* Icon-App-83.5x83.5@2x.png */; };
		ABB4D34B1F28596F00727697 /* Icon-Small-50x50@1x.png in Resources */ = {isa = PBXBuildFile; fileRef = ABB4D3301F28596F00727697 /* Icon-Small-50x50@1x.png */; };
		ABB4D34C1F28596F00727697 /* Icon-Small-50x50@2x.png in Resources */ = {isa = PBXBuildFile; fileRef = ABB4D3311F28596F00727697 /* Icon-Small-50x50@2x.png */; };
		ABB4D34D1F28596F00727697 /* iTunesArtwork@1x.png in Resources */ = {isa = PBXBuildFile; fileRef = ABB4D3321F28596F00727697 /* iTunesArtwork@1x.png */; };
		ABB4D34E1F28596F00727697 /* iTunesArtwork@2x.png in Resources */ = {isa = PBXBuildFile; fileRef = ABB4D3331F28596F00727697 /* iTunesArtwork@2x.png */; };
		ABB4D34F1F28596F00727697 /* iTunesArtwork@3x.png in Resources */ = {isa = PBXBuildFile; fileRef = ABB4D3341F28596F00727697 /* iTunesArtwork@3x.png */; };
		ABB4D3501F28596F00727697 /* README.md in Sources */ = {isa = PBXBuildFile; fileRef = ABB4D3351F28596F00727697 /* README.md */; };
		ABB4D3521F2B3A2000727697 /* うさぎ矢印右.png in Resources */ = {isa = PBXBuildFile; fileRef = ABB4D3511F2B3A2000727697 /* うさぎ矢印右.png */; };
		ABB4D3541F2EFE9F00727697 /* うさぎ悩む.png in Resources */ = {isa = PBXBuildFile; fileRef = ABB4D3531F2EFE9F00727697 /* うさぎ悩む.png */; };
		ABF6F8E81F2094E70045D52A /* AppDelegate.swift in Sources */ = {isa = PBXBuildFile; fileRef = ABF6F8E71F2094E70045D52A /* AppDelegate.swift */; };
		ABF6F8EA1F2094E70045D52A /* ViewController.swift in Sources */ = {isa = PBXBuildFile; fileRef = ABF6F8E91F2094E70045D52A /* ViewController.swift */; };
		ABF6F8ED1F2094E70045D52A /* Main.storyboard in Resources */ = {isa = PBXBuildFile; fileRef = ABF6F8EB1F2094E70045D52A /* Main.storyboard */; };
		ABF6F8EF1F2094E70045D52A /* Assets.xcassets in Resources */ = {isa = PBXBuildFile; fileRef = ABF6F8EE1F2094E70045D52A /* Assets.xcassets */; };
		ABF6F8F21F2094E70045D52A /* LaunchScreen.storyboard in Resources */ = {isa = PBXBuildFile; fileRef = ABF6F8F01F2094E70045D52A /* LaunchScreen.storyboard */; };
		ABF6F8FA1F26E1610045D52A /* CreateViewController.swift in Sources */ = {isa = PBXBuildFile; fileRef = ABF6F8F91F26E1610045D52A /* CreateViewController.swift */; };
		ABF6F8FC1F26E2770045D52A /* QuizViewController.swift in Sources */ = {isa = PBXBuildFile; fileRef = ABF6F8FB1F26E2770045D52A /* QuizViewController.swift */; };
		ABF6F8FF1F282E840045D52A /* うさぎ.png in Resources */ = {isa = PBXBuildFile; fileRef = ABF6F8FE1F282E840045D52A /* うさぎ.png */; };
/* End PBXBuildFile section */

/* Begin PBXFileReference section */
		ABB4D3111F283CDB00727697 /* うさぎ嬉しい.png */ = {isa = PBXFileReference; lastKnownFileType = image.png; path = "うさぎ嬉しい.png"; sourceTree = "<group>"; };
		ABB4D3121F283CDB00727697 /* うさぎB.png */ = {isa = PBXFileReference; lastKnownFileType = image.png; path = "うさぎB.png"; sourceTree = "<group>"; };
		ABB4D3131F283CDB00727697 /* うさぎ矢印.png */ = {isa = PBXFileReference; lastKnownFileType = image.png; path = "うさぎ矢印.png"; sourceTree = "<group>"; };
		ABB4D31B1F28596F00727697 /* Contents.json */ = {isa = PBXFileReference; fileEncoding = 4; lastKnownFileType = text.json; path = Contents.json; sourceTree = "<group>"; };
		ABB4D31C1F28596F00727697 /* Icon-App-20x20@1x.png */ = {isa = PBXFileReference; lastKnownFileType = image.png; path = "Icon-App-20x20@1x.png"; sourceTree = "<group>"; };
		ABB4D31D1F28596F00727697 /* Icon-App-20x20@2x.png */ = {isa = PBXFileReference; lastKnownFileType = image.png; path = "Icon-App-20x20@2x.png"; sourceTree = "<group>"; };
		ABB4D31E1F28596F00727697 /* Icon-App-20x20@3x.png */ = {isa = PBXFileReference; lastKnownFileType = image.png; path = "Icon-App-20x20@3x.png"; sourceTree = "<group>"; };
		ABB4D31F1F28596F00727697 /* Icon-App-29x29@1x.png */ = {isa = PBXFileReference; lastKnownFileType = image.png; path = "Icon-App-29x29@1x.png"; sourceTree = "<group>"; };
		ABB4D3201F28596F00727697 /* Icon-App-29x29@2x.png */ = {isa = PBXFileReference; lastKnownFileType = image.png; path = "Icon-App-29x29@2x.png"; sourceTree = "<group>"; };
		ABB4D3211F28596F00727697 /* Icon-App-29x29@3x.png */ = {isa = PBXFileReference; lastKnownFileType = image.png; path = "Icon-App-29x29@3x.png"; sourceTree = "<group>"; };
		ABB4D3221F28596F00727697 /* Icon-App-40x40@1x.png */ = {isa = PBXFileReference; lastKnownFileType = image.png; path = "Icon-App-40x40@1x.png"; sourceTree = "<group>"; };
		ABB4D3231F28596F00727697 /* Icon-App-40x40@2x.png */ = {isa = PBXFileReference; lastKnownFileType = image.png; path = "Icon-App-40x40@2x.png"; sourceTree = "<group>"; };
		ABB4D3241F28596F00727697 /* Icon-App-40x40@3x.png */ = {isa = PBXFileReference; lastKnownFileType = image.png; path = "Icon-App-40x40@3x.png"; sourceTree = "<group>"; };
		ABB4D3251F28596F00727697 /* Icon-App-57x57@1x.png */ = {isa = PBXFileReference; lastKnownFileType = image.png; path = "Icon-App-57x57@1x.png"; sourceTree = "<group>"; };
		ABB4D3261F28596F00727697 /* Icon-App-57x57@2x.png */ = {isa = PBXFileReference; lastKnownFileType = image.png; path = "Icon-App-57x57@2x.png"; sourceTree = "<group>"; };
		ABB4D3271F28596F00727697 /* Icon-App-60x60@1x.png */ = {isa = PBXFileReference; lastKnownFileType = image.png; path = "Icon-App-60x60@1x.png"; sourceTree = "<group>"; };
		ABB4D3281F28596F00727697 /* Icon-App-60x60@2x.png */ = {isa = PBXFileReference; lastKnownFileType = image.png; path = "Icon-App-60x60@2x.png"; sourceTree = "<group>"; };
		ABB4D3291F28596F00727697 /* Icon-App-60x60@3x.png */ = {isa = PBXFileReference; lastKnownFileType = image.png; path = "Icon-App-60x60@3x.png"; sourceTree = "<group>"; };
		ABB4D32A1F28596F00727697 /* Icon-App-72x72@1x.png */ = {isa = PBXFileReference; lastKnownFileType = image.png; path = "Icon-App-72x72@1x.png"; sourceTree = "<group>"; };
		ABB4D32B1F28596F00727697 /* Icon-App-72x72@2x.png */ = {isa = PBXFileReference; lastKnownFileType = image.png; path = "Icon-App-72x72@2x.png"; sourceTree = "<group>"; };
		ABB4D32C1F28596F00727697 /* Icon-App-76x76@1x.png */ = {isa = PBXFileReference; lastKnownFileType = image.png; path = "Icon-App-76x76@1x.png"; sourceTree = "<group>"; };
		ABB4D32D1F28596F00727697 /* Icon-App-76x76@2x.png */ = {isa = PBXFileReference; lastKnownFileType = image.png; path = "Icon-App-76x76@2x.png"; sourceTree = "<group>"; };
		ABB4D32E1F28596F00727697 /* Icon-App-76x76@3x.png */ = {isa = PBXFileReference; lastKnownFileType = image.png; path = "Icon-App-76x76@3x.png"; sourceTree = "<group>"; };
		ABB4D32F1F28596F00727697 /* Icon-App-83.5x83.5@2x.png */ = {isa = PBXFileReference; lastKnownFileType = image.png; path = "Icon-App-83.5x83.5@2x.png"; sourceTree = "<group>"; };
		ABB4D3301F28596F00727697 /* Icon-Small-50x50@1x.png */ = {isa = PBXFileReference; lastKnownFileType = image.png; path = "Icon-Small-50x50@1x.png"; sourceTree = "<group>"; };
		ABB4D3311F28596F00727697 /* Icon-Small-50x50@2x.png */ = {isa = PBXFileReference; lastKnownFileType = image.png; path = "Icon-Small-50x50@2x.png"; sourceTree = "<group>"; };
		ABB4D3321F28596F00727697 /* iTunesArtwork@1x.png */ = {isa = PBXFileReference; lastKnownFileType = image.png; path = "iTunesArtwork@1x.png"; sourceTree = "<group>"; };
		ABB4D3331F28596F00727697 /* iTunesArtwork@2x.png */ = {isa = PBXFileReference; lastKnownFileType = image.png; path = "iTunesArtwork@2x.png"; sourceTree = "<group>"; };
		ABB4D3341F28596F00727697 /* iTunesArtwork@3x.png */ = {isa = PBXFileReference; lastKnownFileType = image.png; path = "iTunesArtwork@3x.png"; sourceTree = "<group>"; };
		ABB4D3351F28596F00727697 /* README.md */ = {isa = PBXFileReference; fileEncoding = 4; lastKnownFileType = net.daringfireball.markdown; path = README.md; sourceTree = "<group>"; };
		ABB4D3511F2B3A2000727697 /* うさぎ矢印右.png */ = {isa = PBXFileReference; lastKnownFileType = image.png; path = "うさぎ矢印右.png"; sourceTree = "<group>"; };
		ABB4D3531F2EFE9F00727697 /* うさぎ悩む.png */ = {isa = PBXFileReference; lastKnownFileType = image.png; path = "うさぎ悩む.png"; sourceTree = "<group>"; };
		ABF6F8E41F2094E70045D52A /* クイズ.app */ = {isa = PBXFileReference; explicitFileType = wrapper.application; includeInIndex = 0; path = "クイズ.app"; sourceTree = BUILT_PRODUCTS_DIR; };
		ABF6F8E71F2094E70045D52A /* AppDelegate.swift */ = {isa = PBXFileReference; lastKnownFileType = sourcecode.swift; path = AppDelegate.swift; sourceTree = "<group>"; };
		ABF6F8E91F2094E70045D52A /* ViewController.swift */ = {isa = PBXFileReference; lastKnownFileType = sourcecode.swift; path = ViewController.swift; sourceTree = "<group>"; };
		ABF6F8EC1F2094E70045D52A /* Base */ = {isa = PBXFileReference; lastKnownFileType = file.storyboard; name = Base; path = Base.lproj/Main.storyboard; sourceTree = "<group>"; };
		ABF6F8EE1F2094E70045D52A /* Assets.xcassets */ = {isa = PBXFileReference; lastKnownFileType = folder.assetcatalog; path = Assets.xcassets; sourceTree = "<group>"; };
		ABF6F8F11F2094E70045D52A /* Base */ = {isa = PBXFileReference; lastKnownFileType = file.storyboard; name = Base; path = Base.lproj/LaunchScreen.storyboard; sourceTree = "<group>"; };
		ABF6F8F31F2094E70045D52A /* Info.plist */ = {isa = PBXFileReference; lastKnownFileType = text.plist.xml; path = Info.plist; sourceTree = "<group>"; };
		ABF6F8F91F26E1610045D52A /* CreateViewController.swift */ = {isa = PBXFileReference; fileEncoding = 4; lastKnownFileType = sourcecode.swift; path = CreateViewController.swift; sourceTree = "<group>"; };
		ABF6F8FB1F26E2770045D52A /* QuizViewController.swift */ = {isa = PBXFileReference; fileEncoding = 4; lastKnownFileType = sourcecode.swift; path = QuizViewController.swift; sourceTree = "<group>"; };
		ABF6F8FE1F282E840045D52A /* うさぎ.png */ = {isa = PBXFileReference; lastKnownFileType = image.png; path = "うさぎ.png"; sourceTree = "<group>"; };
/* End PBXFileReference section */

/* Begin PBXFrameworksBuildPhase section */
		ABF6F8E11F2094E70045D52A /* Frameworks */ = {
			isa = PBXFrameworksBuildPhase;
			buildActionMask = 2147483647;
			files = (
			);
			runOnlyForDeploymentPostprocessing = 0;
		};
/* End PBXFrameworksBuildPhase section */

/* Begin PBXGroup section */
		ABB4D3191F28596F00727697 /* ios */ = {
			isa = PBXGroup;
			children = (
				ABB4D31A1F28596F00727697 /* AppIcon.appiconset */,
				ABB4D3321F28596F00727697 /* iTunesArtwork@1x.png */,
				ABB4D3331F28596F00727697 /* iTunesArtwork@2x.png */,
				ABB4D3341F28596F00727697 /* iTunesArtwork@3x.png */,
				ABB4D3351F28596F00727697 /* README.md */,
			);
			path = ios;
			sourceTree = "<group>";
		};
		ABB4D31A1F28596F00727697 /* AppIcon.appiconset */ = {
			isa = PBXGroup;
			children = (
				ABB4D31B1F28596F00727697 /* Contents.json */,
				ABB4D31C1F28596F00727697 /* Icon-App-20x20@1x.png */,
				ABB4D31D1F28596F00727697 /* Icon-App-20x20@2x.png */,
				ABB4D31E1F28596F00727697 /* Icon-App-20x20@3x.png */,
				ABB4D31F1F28596F00727697 /* Icon-App-29x29@1x.png */,
				ABB4D3201F28596F00727697 /* Icon-App-29x29@2x.png */,
				ABB4D3211F28596F00727697 /* Icon-App-29x29@3x.png */,
				ABB4D3221F28596F00727697 /* Icon-App-40x40@1x.png */,
				ABB4D3231F28596F00727697 /* Icon-App-40x40@2x.png */,
				ABB4D3241F28596F00727697 /* Icon-App-40x40@3x.png */,
				ABB4D3251F28596F00727697 /* Icon-App-57x57@1x.png */,
				ABB4D3261F28596F00727697 /* Icon-App-57x57@2x.png */,
				ABB4D3271F28596F00727697 /* Icon-App-60x60@1x.png */,
				ABB4D3281F28596F00727697 /* Icon-App-60x60@2x.png */,
				ABB4D3291F28596F00727697 /* Icon-App-60x60@3x.png */,
				ABB4D32A1F28596F00727697 /* Icon-App-72x72@1x.png */,
				ABB4D32B1F28596F00727697 /* Icon-App-72x72@2x.png */,
				ABB4D32C1F28596F00727697 /* Icon-App-76x76@1x.png */,
				ABB4D32D1F28596F00727697 /* Icon-App-76x76@2x.png */,
				ABB4D32E1F28596F00727697 /* Icon-App-76x76@3x.png */,
				ABB4D32F1F28596F00727697 /* Icon-App-83.5x83.5@2x.png */,
				ABB4D3301F28596F00727697 /* Icon-Small-50x50@1x.png */,
				ABB4D3311F28596F00727697 /* Icon-Small-50x50@2x.png */,
			);
			path = AppIcon.appiconset;
			sourceTree = "<group>";
		};
		ABF6F8DB1F2094E70045D52A = {
			isa = PBXGroup;
			children = (
				ABF6F8E61F2094E70045D52A /* クイズ */,
				ABF6F8E51F2094E70045D52A /* Products */,
			);
			sourceTree = "<group>";
		};
		ABF6F8E51F2094E70045D52A /* Products */ = {
			isa = PBXGroup;
			children = (
				ABF6F8E41F2094E70045D52A /* クイズ.app */,
			);
			name = Products;
			sourceTree = "<group>";
		};
		ABF6F8E61F2094E70045D52A /* クイズ */ = {
			isa = PBXGroup;
			children = (
				ABF6F8FD1F282E710045D52A /* images */,
				ABF6F8E71F2094E70045D52A /* AppDelegate.swift */,
				ABF6F8E91F2094E70045D52A /* ViewController.swift */,
				ABF6F8F91F26E1610045D52A /* CreateViewController.swift */,
				ABF6F8FB1F26E2770045D52A /* QuizViewController.swift */,
				ABF6F8EB1F2094E70045D52A /* Main.storyboard */,
				ABB4D3191F28596F00727697 /* ios */,
				ABF6F8EE1F2094E70045D52A /* Assets.xcassets */,
				ABF6F8F01F2094E70045D52A /* LaunchScreen.storyboard */,
				ABF6F8F31F2094E70045D52A /* Info.plist */,
			);
			path = "クイズ";
			sourceTree = "<group>";
		};
		ABF6F8FD1F282E710045D52A /* images */ = {
			isa = PBXGroup;
			children = (
				ABB4D3111F283CDB00727697 /* うさぎ嬉しい.png */,
				ABB4D3121F283CDB00727697 /* うさぎB.png */,
				ABB4D3511F2B3A2000727697 /* うさぎ矢印右.png */,
				ABB4D3131F283CDB00727697 /* うさぎ矢印.png */,
				ABB4D3531F2EFE9F00727697 /* うさぎ悩む.png */,
				ABF6F8FE1F282E840045D52A /* うさぎ.png */,
			);
			name = images;
			sourceTree = "<group>";
		};
/* End PBXGroup section */

/* Begin PBXNativeTarget section */
		ABF6F8E31F2094E70045D52A /* クイズ */ = {
			isa = PBXNativeTarget;
			buildConfigurationList = ABF6F8F61F2094E70045D52A /* Build configuration list for PBXNativeTarget "クイズ" */;
			buildPhases = (
				ABF6F8E01F2094E70045D52A /* Sources */,
				ABF6F8E11F2094E70045D52A /* Frameworks */,
				ABF6F8E21F2094E70045D52A /* Resources */,
			);
			buildRules = (
			);
			dependencies = (
			);
			name = "クイズ";
			productName = "クイズ";
			productReference = ABF6F8E41F2094E70045D52A /* クイズ.app */;
			productType = "com.apple.product-type.application";
		};
/* End PBXNativeTarget section */

/* Begin PBXProject section */
		ABF6F8DC1F2094E70045D52A /* Project object */ = {
			isa = PBXProject;
			attributes = {
				LastSwiftUpdateCheck = 0830;
				LastUpgradeCheck = 0830;
				ORGANIZATIONNAME = nttr;
				TargetAttributes = {
					ABF6F8E31F2094E70045D52A = {
						CreatedOnToolsVersion = 8.3.3;
						DevelopmentTeam = 5M2AGRXW8X;
						ProvisioningStyle = Automatic;
					};
				};
			};
			buildConfigurationList = ABF6F8DF1F2094E70045D52A /* Build configuration list for PBXProject "クイズ" */;
			compatibilityVersion = "Xcode 3.2";
			developmentRegion = English;
			hasScannedForEncodings = 0;
			knownRegions = (
				en,
				Base,
			);
			mainGroup = ABF6F8DB1F2094E70045D52A;
			productRefGroup = ABF6F8E51F2094E70045D52A /* Products */;
			projectDirPath = "";
			projectRoot = "";
			targets = (
				ABF6F8E31F2094E70045D52A /* クイズ */,
			);
		};
/* End PBXProject section */

/* Begin PBXResourcesBuildPhase section */
		ABF6F8E21F2094E70045D52A /* Resources */ = {
			isa = PBXResourcesBuildPhase;
			buildActionMask = 2147483647;
			files = (
				ABF6F8FF1F282E840045D52A /* うさぎ.png in Resources */,
				ABB4D3161F283CDB00727697 /* うさぎB.png in Resources */,
				ABB4D3411F28596F00727697 /* Icon-App-57x57@2x.png in Resources */,
				ABB4D3361F28596F00727697 /* Contents.json in Resources */,
				ABB4D3521F2B3A2000727697 /* うさぎ矢印右.png in Resources */,
				ABB4D34F1F28596F00727697 /* iTunesArtwork@3x.png in Resources */,
				ABB4D3371F28596F00727697 /* Icon-App-20x20@1x.png in Resources */,
				ABB4D33A1F28596F00727697 /* Icon-App-29x29@1x.png in Resources */,
				ABB4D3431F28596F00727697 /* Icon-App-60x60@2x.png in Resources */,
				ABB4D3471F28596F00727697 /* Icon-App-76x76@1x.png in Resources */,
				ABB4D3451F28596F00727697 /* Icon-App-72x72@1x.png in Resources */,
				ABB4D34B1F28596F00727697 /* Icon-Small-50x50@1x.png in Resources */,
				ABB4D34A1F28596F00727697 /* Icon-App-83.5x83.5@2x.png in Resources */,
				ABB4D33D1F28596F00727697 /* Icon-App-40x40@1x.png in Resources */,
				ABB4D3541F2EFE9F00727697 /* うさぎ悩む.png in Resources */,
				ABB4D33C1F28596F00727697 /* Icon-App-29x29@3x.png in Resources */,
				ABB4D34E1F28596F00727697 /* iTunesArtwork@2x.png in Resources */,
				ABB4D3481F28596F00727697 /* Icon-App-76x76@2x.png in Resources */,
				ABB4D3171F283CDB00727697 /* うさぎ矢印.png in Resources */,
				ABB4D3421F28596F00727697 /* Icon-App-60x60@1x.png in Resources */,
				ABB4D33E1F28596F00727697 /* Icon-App-40x40@2x.png in Resources */,
				ABB4D34D1F28596F00727697 /* iTunesArtwork@1x.png in Resources */,
				ABF6F8F21F2094E70045D52A /* LaunchScreen.storyboard in Resources */,
				ABB4D33B1F28596F00727697 /* Icon-App-29x29@2x.png in Resources */,
				ABF6F8EF1F2094E70045D52A /* Assets.xcassets in Resources */,
				ABB4D3401F28596F00727697 /* Icon-App-57x57@1x.png in Resources */,
				ABB4D3381F28596F00727697 /* Icon-App-20x20@2x.png in Resources */,
				ABF6F8ED1F2094E70045D52A /* Main.storyboard in Resources */,
				ABB4D33F1F28596F00727697 /* Icon-App-40x40@3x.png in Resources */,
				ABB4D3151F283CDB00727697 /* うさぎ嬉しい.png in Resources */,
				ABB4D3461F28596F00727697 /* Icon-App-72x72@2x.png in Resources */,
				ABB4D3491F28596F00727697 /* Icon-App-76x76@3x.png in Resources */,
				ABB4D34C1F28596F00727697 /* Icon-Small-50x50@2x.png in Resources */,
				ABB4D3441F28596F00727697 /* Icon-App-60x60@3x.png in Resources */,
				ABB4D3391F28596F00727697 /* Icon-App-20x20@3x.png in Resources */,
			);
			runOnlyForDeploymentPostprocessing = 0;
		};
/* End PBXResourcesBuildPhase section */

/* Begin PBXSourcesBuildPhase section */
		ABF6F8E01F2094E70045D52A /* Sources */ = {
			isa = PBXSourcesBuildPhase;
			buildActionMask = 2147483647;
			files = (
				ABF6F8EA1F2094E70045D52A /* ViewController.swift in Sources */,
				ABF6F8E81F2094E70045D52A /* AppDelegate.swift in Sources */,
				ABB4D3501F28596F00727697 /* README.md in Sources */,
				ABF6F8FA1F26E1610045D52A /* CreateViewController.swift in Sources */,
				ABF6F8FC1F26E2770045D52A /* QuizViewController.swift in Sources */,
			);
			runOnlyForDeploymentPostprocessing = 0;
		};
/* End PBXSourcesBuildPhase section */

/* Begin PBXVariantGroup section */
		ABF6F8EB1F2094E70045D52A /* Main.storyboard */ = {
			isa = PBXVariantGroup;
			children = (
				ABF6F8EC1F2094E70045D52A /* Base */,
			);
			name = Main.storyboard;
			sourceTree = "<group>";
		};
		ABF6F8F01F2094E70045D52A /* LaunchScreen.storyboard */ = {
			isa = PBXVariantGroup;
			children = (
				ABF6F8F11F2094E70045D52A /* Base */,
			);
			name = LaunchScreen.storyboard;
			sourceTree = "<group>";
		};
/* End PBXVariantGroup section */

/* Begin XCBuildConfiguration section */
		ABF6F8F41F2094E70045D52A /* Debug */ = {
			isa = XCBuildConfiguration;
			buildSettings = {
				ALWAYS_SEARCH_USER_PATHS = NO;
				CLANG_ANALYZER_NONNULL = YES;
				CLANG_ANALYZER_NUMBER_OBJECT_CONVERSION = YES_AGGRESSIVE;
				CLANG_CXX_LANGUAGE_STANDARD = "gnu++0x";
				CLANG_CXX_LIBRARY = "libc++";
				CLANG_ENABLE_MODULES = YES;
				CLANG_ENABLE_OBJC_ARC = YES;
				CLANG_WARN_BOOL_CONVERSION = YES;
				CLANG_WARN_CONSTANT_CONVERSION = YES;
				CLANG_WARN_DIRECT_OBJC_ISA_USAGE = YES_ERROR;
				CLANG_WARN_DOCUMENTATION_COMMENTS = YES;
				CLANG_WARN_EMPTY_BODY = YES;
				CLANG_WARN_ENUM_CONVERSION = YES;
				CLANG_WARN_INFINITE_RECURSION = YES;
				CLANG_WARN_INT_CONVERSION = YES;
				CLANG_WARN_OBJC_ROOT_CLASS = YES_ERROR;
				CLANG_WARN_SUSPICIOUS_MOVE = YES;
				CLANG_WARN_UNREACHABLE_CODE = YES;
				CLANG_WARN__DUPLICATE_METHOD_MATCH = YES;
				"CODE_SIGN_IDENTITY[sdk=iphoneos*]" = "iPhone Developer";
				COPY_PHASE_STRIP = NO;
				DEBUG_INFORMATION_FORMAT = dwarf;
				ENABLE_STRICT_OBJC_MSGSEND = YES;
				ENABLE_TESTABILITY = YES;
				GCC_C_LANGUAGE_STANDARD = gnu99;
				GCC_DYNAMIC_NO_PIC = NO;
				GCC_NO_COMMON_BLOCKS = YES;
				GCC_OPTIMIZATION_LEVEL = 0;
				GCC_PREPROCESSOR_DEFINITIONS = (
					"DEBUG=1",
					"$(inherited)",
				);
				GCC_WARN_64_TO_32_BIT_CONVERSION = YES;
				GCC_WARN_ABOUT_RETURN_TYPE = YES_ERROR;
				GCC_WARN_UNDECLARED_SELECTOR = YES;
				GCC_WARN_UNINITIALIZED_AUTOS = YES_AGGRESSIVE;
				GCC_WARN_UNUSED_FUNCTION = YES;
				GCC_WARN_UNUSED_VARIABLE = YES;
				IPHONEOS_DEPLOYMENT_TARGET = 10.3;
				MTL_ENABLE_DEBUG_INFO = YES;
				ONLY_ACTIVE_ARCH = YES;
				SDKROOT = iphoneos;
				SWIFT_ACTIVE_COMPILATION_CONDITIONS = DEBUG;
				SWIFT_OPTIMIZATION_LEVEL = "-Onone";
			};
			name = Debug;
		};
		ABF6F8F51F2094E70045D52A /* Release */ = {
			isa = XCBuildConfiguration;
			buildSettings = {
				ALWAYS_SEARCH_USER_PATHS = NO;
				CLANG_ANALYZER_NONNULL = YES;
				CLANG_ANALYZER_NUMBER_OBJECT_CONVERSION = YES_AGGRESSIVE;
				CLANG_CXX_LANGUAGE_STANDARD = "gnu++0x";
				CLANG_CXX_LIBRARY = "libc++";
				CLANG_ENABLE_MODULES = YES;
				CLANG_ENABLE_OBJC_ARC = YES;
				CLANG_WARN_BOOL_CONVERSION = YES;
				CLANG_WARN_CONSTANT_CONVERSION = YES;
				CLANG_WARN_DIRECT_OBJC_ISA_USAGE = YES_ERROR;
				CLANG_WARN_DOCUMENTATION_COMMENTS = YES;
				CLANG_WARN_EMPTY_BODY = YES;
				CLANG_WARN_ENUM_CONVERSION = YES;
				CLANG_WARN_INFINITE_RECURSION = YES;
				CLANG_WARN_INT_CONVERSION = YES;
				CLANG_WARN_OBJC_ROOT_CLASS = YES_ERROR;
				CLANG_WARN_SUSPICIOUS_MOVE = YES;
				CLANG_WARN_UNREACHABLE_CODE = YES;
				CLANG_WARN__DUPLICATE_METHOD_MATCH = YES;
				"CODE_SIGN_IDENTITY[sdk=iphoneos*]" = "iPhone Developer";
				COPY_PHASE_STRIP = NO;
				DEBUG_INFORMATION_FORMAT = "dwarf-with-dsym";
				ENABLE_NS_ASSERTIONS = NO;
				ENABLE_STRICT_OBJC_MSGSEND = YES;
				GCC_C_LANGUAGE_STANDARD = gnu99;
				GCC_NO_COMMON_BLOCKS = YES;
				GCC_WARN_64_TO_32_BIT_CONVERSION = YES;
				GCC_WARN_ABOUT_RETURN_TYPE = YES_ERROR;
				GCC_WARN_UNDECLARED_SELECTOR = YES;
				GCC_WARN_UNINITIALIZED_AUTOS = YES_AGGRESSIVE;
				GCC_WARN_UNUSED_FUNCTION = YES;
				GCC_WARN_UNUSED_VARIABLE = YES;
				IPHONEOS_DEPLOYMENT_TARGET = 10.3;
				MTL_ENABLE_DEBUG_INFO = NO;
				SDKROOT = iphoneos;
				SWIFT_OPTIMIZATION_LEVEL = "-Owholemodule";
				VALIDATE_PRODUCT = YES;
			};
			name = Release;
		};
		ABF6F8F71F2094E70045D52A /* Debug */ = {
			isa = XCBuildConfiguration;
			buildSettings = {
				ASSETCATALOG_COMPILER_APPICON_NAME = AppIcon;
				DEVELOPMENT_TEAM = 5M2AGRXW8X;
				INFOPLIST_FILE = "クイズ/Info.plist";
				IPHONEOS_DEPLOYMENT_TARGET = 10.0;
				LD_RUNPATH_SEARCH_PATHS = "$(inherited) @executable_path/Frameworks";
				PRODUCT_BUNDLE_IDENTIFIER = "net.eritake.----";
				PRODUCT_NAME = "$(TARGET_NAME)";
				SWIFT_VERSION = 3.0;
			};
			name = Debug;
		};
		ABF6F8F81F2094E70045D52A /* Release */ = {
			isa = XCBuildConfiguration;
			buildSettings = {
				ASSETCATALOG_COMPILER_APPICON_NAME = AppIcon;
				DEVELOPMENT_TEAM = 5M2AGRXW8X;
				INFOPLIST_FILE = "クイズ/Info.plist";
				IPHONEOS_DEPLOYMENT_TARGET = 10.0;
				LD_RUNPATH_SEARCH_PATHS = "$(inherited) @executable_path/Frameworks";
				PRODUCT_BUNDLE_IDENTIFIER = "net.eritake.----";
				PRODUCT_NAME = "$(TARGET_NAME)";
				SWIFT_VERSION = 3.0;
			};
			name = Release;
		};
/* End XCBuildConfiguration section */

/* Begin XCConfigurationList section */
		ABF6F8DF1F2094E70045D52A /* Build configuration list for PBXProject "クイズ" */ = {
			isa = XCConfigurationList;
			buildConfigurations = (
				ABF6F8F41F2094E70045D52A /* Debug */,
				ABF6F8F51F2094E70045D52A /* Release */,
			);
			defaultConfigurationIsVisible = 0;
			defaultConfigurationName = Release;
		};
		ABF6F8F61F2094E70045D52A /* Build configuration list for PBXNativeTarget "クイズ" */ = {
			isa = XCConfigurationList;
			buildConfigurations = (
				ABF6F8F71F2094E70045D52A /* Debug */,
				ABF6F8F81F2094E70045D52A /* Release */,
			);
			defaultConfigurationIsVisible = 0;
			defaultConfigurationName = Release;
		};
/* End XCConfigurationList section */
	};
	rootObject = ABF6F8DC1F2094E70045D52A /* Project object */;
}
